
Microsoft Visual Studio Solution File, Format Version 12.00
# Visual Studio 15
VisualStudioVersion = 15.0.27428.1
MinimumVisualStudioVersion = 10.0.40219.1
Project("{888888A0-9F3D-457C-B088-3A5042F75D52}") = "Lab 7 TI", "Lab 7 TI\Lab 7 TI.pyproj", "{D8B7D4A4-209B-42DA-B41C-916F2398F152}"
EndProject
Global
	GlobalSection(SolutionConfigurationPlatforms) = preSolution
		Debug|Any CPU = Debug|Any CPU
		Release|Any CPU = Release|Any CPU
	EndGlobalSection
	GlobalSection(ProjectConfigurationPlatforms) = postSolution
		{D8B7D4A4-209B-42DA-B41C-916F2398F152}.Debug|Any CPU.ActiveCfg = Debug|Any CPU
		{D8B7D4A4-209B-42DA-B41C-916F2398F152}.Release|Any CPU.ActiveCfg = Release|Any CPU
	EndGlobalSection
	GlobalSection(SolutionProperties) = preSolution
		HideSolutionNode = FALSE
	EndGlobalSection
	GlobalSection(ExtensibilityGlobals) = postSolution
		SolutionGuid = {59FBDD05-FF5C-4D0B-8CB9-689302C37E44}
	EndGlobalSection
EndGlobal
